
Microsoft Visual Studio Solution File, Format Version 12.00
# Visual Studio Version 17
VisualStudioVersion = 17.8.34309.116
MinimumVisualStudioVersion = 10.0.40219.1
Project("{9A19103F-16F7-4668-BE54-9A1E7A4F7556}") = "ExceptionHandlingAPI", "ExceptionHandlingAPI\ExceptionHandlingAPI.csproj", "{97F27C9B-51DD-470F-8300-E06BB27B68BD}"
EndProject
Project("{2150E333-8FDC-42A3-9474-1A3956D46DE8}") = "src-core", "src-core", "{291C1831-2165-4EDC-9657-BCF39E30E9B2}"
EndProject
Project("{2150E333-8FDC-42A3-9474-1A3956D46DE8}") = "src-app", "src-app", "{75643B6E-661C-4676-AC42-E598E743FB01}"
EndProject
Project("{2150E333-8FDC-42A3-9474-1A3956D46DE8}") = "src-test", "src-test", "{EC22DDE9-1B55-416C-8B7E-FE69D77FDBCD}"
EndProject
Project("{9A19103F-16F7-4668-BE54-9A1E7A4F7556}") = "Vi.Service.Exception", "Vi.Service.Exception\Vi.Service.Exception.csproj", "{F4992205-44D2-42D3-A09E-0A178845EFE7}"
EndProject
Project("{9A19103F-16F7-4668-BE54-9A1E7A4F7556}") = "Data", "Data\Data.csproj", "{2D4A065E-122C-43F0-B873-5A4E686EE1B2}"
EndProject
Project("{9A19103F-16F7-4668-BE54-9A1E7A4F7556}") = "Vi.Core", "Vi.Core\Vi.Core.csproj", "{CD730EB9-191C-40C1-8B3A-F59014E106B0}"
EndProject
Project("{9A19103F-16F7-4668-BE54-9A1E7A4F7556}") = "BusinessLogic", "BusinessLogic\BusinessLogic.csproj", "{FBEA98F7-633D-48BC-9A1A-29CF56B39D1B}"
EndProject
Project("{9A19103F-16F7-4668-BE54-9A1E7A4F7556}") = "Test", "UnitTest.Exception\Test.csproj", "{3A267949-97E6-4220-9DF4-8C081D37376B}"
EndProject
Project("{2150E333-8FDC-42A3-9474-1A3956D46DE8}") = "src-sql", "src-sql", "{52092458-669F-48A2-882F-38E0C8C16192}"
EndProject
Project("{00D1A9C2-B5F0-4AF3-8072-F6C62B433612}") = "Vi-sql", "Vi\Vi-sql.sqlproj", "{20D280A8-DEC7-463A-9234-D795EEE82A69}"
EndProject
Global
	GlobalSection(SolutionConfigurationPlatforms) = preSolution
		Debug|Any CPU = Debug|Any CPU
		Release|Any CPU = Release|Any CPU
	EndGlobalSection
	GlobalSection(ProjectConfigurationPlatforms) = postSolution
		{97F27C9B-51DD-470F-8300-E06BB27B68BD}.Debug|Any CPU.ActiveCfg = Debug|Any CPU
		{97F27C9B-51DD-470F-8300-E06BB27B68BD}.Debug|Any CPU.Build.0 = Debug|Any CPU
		{97F27C9B-51DD-470F-8300-E06BB27B68BD}.Release|Any CPU.ActiveCfg = Release|Any CPU
		{97F27C9B-51DD-470F-8300-E06BB27B68BD}.Release|Any CPU.Build.0 = Release|Any CPU
		{F4992205-44D2-42D3-A09E-0A178845EFE7}.Debug|Any CPU.ActiveCfg = Debug|Any CPU
		{F4992205-44D2-42D3-A09E-0A178845EFE7}.Debug|Any CPU.Build.0 = Debug|Any CPU
		{F4992205-44D2-42D3-A09E-0A178845EFE7}.Release|Any CPU.ActiveCfg = Release|Any CPU
		{F4992205-44D2-42D3-A09E-0A178845EFE7}.Release|Any CPU.Build.0 = Release|Any CPU
		{2D4A065E-122C-43F0-B873-5A4E686EE1B2}.Debug|Any CPU.ActiveCfg = Debug|Any CPU
		{2D4A065E-122C-43F0-B873-5A4E686EE1B2}.Debug|Any CPU.Build.0 = Debug|Any CPU
		{2D4A065E-122C-43F0-B873-5A4E686EE1B2}.Release|Any CPU.ActiveCfg = Release|Any CPU
		{2D4A065E-122C-43F0-B873-5A4E686EE1B2}.Release|Any CPU.Build.0 = Release|Any CPU
		{CD730EB9-191C-40C1-8B3A-F59014E106B0}.Debug|Any CPU.ActiveCfg = Debug|Any CPU
		{CD730EB9-191C-40C1-8B3A-F59014E106B0}.Debug|Any CPU.Build.0 = Debug|Any CPU
		{CD730EB9-191C-40C1-8B3A-F59014E106B0}.Release|Any CPU.ActiveCfg = Release|Any CPU
		{CD730EB9-191C-40C1-8B3A-F59014E106B0}.Release|Any CPU.Build.0 = Release|Any CPU
		{FBEA98F7-633D-48BC-9A1A-29CF56B39D1B}.Debug|Any CPU.ActiveCfg = Debug|Any CPU
		{FBEA98F7-633D-48BC-9A1A-29CF56B39D1B}.Debug|Any CPU.Build.0 = Debug|Any CPU
		{FBEA98F7-633D-48BC-9A1A-29CF56B39D1B}.Release|Any CPU.ActiveCfg = Release|Any CPU
		{FBEA98F7-633D-48BC-9A1A-29CF56B39D1B}.Release|Any CPU.Build.0 = Release|Any CPU
		{3A267949-97E6-4220-9DF4-8C081D37376B}.Debug|Any CPU.ActiveCfg = Debug|Any CPU
		{3A267949-97E6-4220-9DF4-8C081D37376B}.Debug|Any CPU.Build.0 = Debug|Any CPU
		{3A267949-97E6-4220-9DF4-8C081D37376B}.Release|Any CPU.ActiveCfg = Release|Any CPU
		{3A267949-97E6-4220-9DF4-8C081D37376B}.Release|Any CPU.Build.0 = Release|Any CPU
		{20D280A8-DEC7-463A-9234-D795EEE82A69}.Debug|Any CPU.ActiveCfg = Debug|Any CPU
		{20D280A8-DEC7-463A-9234-D795EEE82A69}.Debug|Any CPU.Build.0 = Debug|Any CPU
		{20D280A8-DEC7-463A-9234-D795EEE82A69}.Debug|Any CPU.Deploy.0 = Debug|Any CPU
		{20D280A8-DEC7-463A-9234-D795EEE82A69}.Release|Any CPU.ActiveCfg = Release|Any CPU
		{20D280A8-DEC7-463A-9234-D795EEE82A69}.Release|Any CPU.Build.0 = Release|Any CPU
		{20D280A8-DEC7-463A-9234-D795EEE82A69}.Release|Any CPU.Deploy.0 = Release|Any CPU
	EndGlobalSection
	GlobalSection(SolutionProperties) = preSolution
		HideSolutionNode = FALSE
	EndGlobalSection
	GlobalSection(NestedProjects) = preSolution
		{97F27C9B-51DD-470F-8300-E06BB27B68BD} = {75643B6E-661C-4676-AC42-E598E743FB01}
		{F4992205-44D2-42D3-A09E-0A178845EFE7} = {291C1831-2165-4EDC-9657-BCF39E30E9B2}
		{2D4A065E-122C-43F0-B873-5A4E686EE1B2} = {75643B6E-661C-4676-AC42-E598E743FB01}
		{CD730EB9-191C-40C1-8B3A-F59014E106B0} = {291C1831-2165-4EDC-9657-BCF39E30E9B2}
		{FBEA98F7-633D-48BC-9A1A-29CF56B39D1B} = {75643B6E-661C-4676-AC42-E598E743FB01}
		{3A267949-97E6-4220-9DF4-8C081D37376B} = {EC22DDE9-1B55-416C-8B7E-FE69D77FDBCD}
		{20D280A8-DEC7-463A-9234-D795EEE82A69} = {52092458-669F-48A2-882F-38E0C8C16192}
	EndGlobalSection
	GlobalSection(ExtensibilityGlobals) = postSolution
		SolutionGuid = {13860707-2734-41DE-86AB-121AD24FA332}
	EndGlobalSection
EndGlobal
